
Microsoft Visual Studio Solution File, Format Version 12.00
# Visual Studio Version 17
VisualStudioVersion = 17.5.33402.96
MinimumVisualStudioVersion = 10.0.40219.1
Project("{FAE04EC0-301F-11D3-BF4B-00C04F79EFBC}") = "e-portfolio", "e-portfolio\e-portfolio.csproj", "{40A74A76-98DF-43A7-98F5-F3CEF914FC32}"
EndProject
Global
	GlobalSection(SolutionConfigurationPlatforms) = preSolution
		Debug|Any CPU = Debug|Any CPU
		Release|Any CPU = Release|Any CPU
	EndGlobalSection
	GlobalSection(ProjectConfigurationPlatforms) = postSolution
		{40A74A76-98DF-43A7-98F5-F3CEF914FC32}.Debug|Any CPU.ActiveCfg = Debug|Any CPU
		{40A74A76-98DF-43A7-98F5-F3CEF914FC32}.Debug|Any CPU.Build.0 = Debug|Any CPU
		{40A74A76-98DF-43A7-98F5-F3CEF914FC32}.Release|Any CPU.ActiveCfg = Release|Any CPU
		{40A74A76-98DF-43A7-98F5-F3CEF914FC32}.Release|Any CPU.Build.0 = Release|Any CPU
	EndGlobalSection
	GlobalSection(SolutionProperties) = preSolution
		HideSolutionNode = FALSE
	EndGlobalSection
	GlobalSection(ExtensibilityGlobals) = postSolution
		SolutionGuid = {EA9EE7C9-7069-47AF-9A84-70C702CE62AF}
	EndGlobalSection
EndGlobal
